
Microsoft Visual Studio Solution File, Format Version 12.00
# Visual Studio Version 16
VisualStudioVersion = 16.0.29709.97
MinimumVisualStudioVersion = 10.0.40219.1
Project("{FAE04EC0-301F-11D3-BF4B-00C04F79EFBC}") = "Toolbox.Winforms", "Toolbox.Winforms\Toolbox.Winforms.csproj", "{30620388-E515-4ABC-9F50-15FF7AD26EE5}"
EndProject
Project("{FAE04EC0-301F-11D3-BF4B-00C04F79EFBC}") = "STLibraryForms", "STLibraryForms\STLibraryForms.csproj", "{7C3C488A-AC77-4D2B-841E-76699E3D412C}"
EndProject
Project("{2150E333-8FDC-42A3-9474-1A3956D46DE8}") = "Plugins", "Plugins", "{E978A491-426D-430B-9D6B-663DD7324602}"
EndProject
Project("{9A19103F-16F7-4668-BE54-9A1E7A4F7556}") = "GCNLibrary", "Plugins\GCNLibrary\GCNLibrary.csproj", "{6D270285-B5E6-48D3-BCE2-9E13AFEFC092}"
EndProject
Project("{9A19103F-16F7-4668-BE54-9A1E7A4F7556}") = "Toolbox.Core", "Toolbox.Core\Toolbox.Core.csproj", "{9D9EB823-E0F4-4149-8C36-A3E7C844BB24}"
EndProject
Global
	GlobalSection(SolutionConfigurationPlatforms) = preSolution
		Debug|Any CPU = Debug|Any CPU
		Release|Any CPU = Release|Any CPU
	EndGlobalSection
	GlobalSection(ProjectConfigurationPlatforms) = postSolution
		{30620388-E515-4ABC-9F50-15FF7AD26EE5}.Debug|Any CPU.ActiveCfg = Debug|Any CPU
		{30620388-E515-4ABC-9F50-15FF7AD26EE5}.Debug|Any CPU.Build.0 = Debug|Any CPU
		{30620388-E515-4ABC-9F50-15FF7AD26EE5}.Release|Any CPU.ActiveCfg = Release|Any CPU
		{30620388-E515-4ABC-9F50-15FF7AD26EE5}.Release|Any CPU.Build.0 = Release|Any CPU
		{7C3C488A-AC77-4D2B-841E-76699E3D412C}.Debug|Any CPU.ActiveCfg = Debug|Any CPU
		{7C3C488A-AC77-4D2B-841E-76699E3D412C}.Debug|Any CPU.Build.0 = Debug|Any CPU
		{7C3C488A-AC77-4D2B-841E-76699E3D412C}.Release|Any CPU.ActiveCfg = Release|Any CPU
		{7C3C488A-AC77-4D2B-841E-76699E3D412C}.Release|Any CPU.Build.0 = Release|Any CPU
		{6D270285-B5E6-48D3-BCE2-9E13AFEFC092}.Debug|Any CPU.ActiveCfg = Debug|Any CPU
		{6D270285-B5E6-48D3-BCE2-9E13AFEFC092}.Debug|Any CPU.Build.0 = Debug|Any CPU
		{6D270285-B5E6-48D3-BCE2-9E13AFEFC092}.Release|Any CPU.ActiveCfg = Release|Any CPU
		{6D270285-B5E6-48D3-BCE2-9E13AFEFC092}.Release|Any CPU.Build.0 = Release|Any CPU
		{9D9EB823-E0F4-4149-8C36-A3E7C844BB24}.Debug|Any CPU.ActiveCfg = Debug|Any CPU
		{9D9EB823-E0F4-4149-8C36-A3E7C844BB24}.Debug|Any CPU.Build.0 = Debug|Any CPU
		{9D9EB823-E0F4-4149-8C36-A3E7C844BB24}.Release|Any CPU.ActiveCfg = Release|Any CPU
		{9D9EB823-E0F4-4149-8C36-A3E7C844BB24}.Release|Any CPU.Build.0 = Release|Any CPU
	EndGlobalSection
	GlobalSection(SolutionProperties) = preSolution
		HideSolutionNode = FALSE
	EndGlobalSection
	GlobalSection(NestedProjects) = preSolution
		{6D270285-B5E6-48D3-BCE2-9E13AFEFC092} = {E978A491-426D-430B-9D6B-663DD7324602}
	EndGlobalSection
	GlobalSection(ExtensibilityGlobals) = postSolution
		SolutionGuid = {878A46C4-77E6-4F6F-8D1A-79BA850F89D1}
	EndGlobalSection
EndGlobal
